
Microsoft Visual Studio Solution File, Format Version 12.00
# Visual Studio Version 17
VisualStudioVersion = 17.1.32210.238
MinimumVisualStudioVersion = 10.0.40219.1
Project("{FAE04EC0-301F-11D3-BF4B-00C04F79EFBC}") = "FirstCode", "FirstCode.csproj", "{3EB019C8-1231-47D0-9E3A-3AC0C69B7FF5}"
EndProject
Global
	GlobalSection(SolutionConfigurationPlatforms) = preSolution
		Debug|Any CPU = Debug|Any CPU
		Release|Any CPU = Release|Any CPU
	EndGlobalSection
	GlobalSection(ProjectConfigurationPlatforms) = postSolution
		{3EB019C8-1231-47D0-9E3A-3AC0C69B7FF5}.Debug|Any CPU.ActiveCfg = Debug|Any CPU
		{3EB019C8-1231-47D0-9E3A-3AC0C69B7FF5}.Debug|Any CPU.Build.0 = Debug|Any CPU
		{3EB019C8-1231-47D0-9E3A-3AC0C69B7FF5}.Release|Any CPU.ActiveCfg = Release|Any CPU
		{3EB019C8-1231-47D0-9E3A-3AC0C69B7FF5}.Release|Any CPU.Build.0 = Release|Any CPU
	EndGlobalSection
	GlobalSection(SolutionProperties) = preSolution
		HideSolutionNode = FALSE
	EndGlobalSection
	GlobalSection(ExtensibilityGlobals) = postSolution
		SolutionGuid = {30682BAF-B3C1-41DA-9129-50005B16F78F}
	EndGlobalSection
EndGlobal
